
Microsoft Visual Studio Solution File, Format Version 12.00
# Visual Studio Version 17
VisualStudioVersion = 17.13.35931.197
MinimumVisualStudioVersion = 10.0.40219.1
Project("{FAE04EC0-301F-11D3-BF4B-00C04F79EFBC}") = "Ecomerce.share", "Ecomerce.share\Ecomerce.share.csproj", "{F39E4D58-F075-406D-B6AD-EF8FC9123162}"
EndProject
Project("{FAE04EC0-301F-11D3-BF4B-00C04F79EFBC}") = "Ecomerce.backend", "Ecomerce.backend\Ecomerce.backend.csproj", "{A4D7D977-AAB8-4603-9AB2-7B19A8CF8DA6}"
EndProject
Project("{FAE04EC0-301F-11D3-BF4B-00C04F79EFBC}") = "Ecomerce.frontend", "Ecomerce.frontend\Ecomerce.frontend.csproj", "{FD5310EC-4D16-416C-B3FC-E7C6877EE993}"
EndProject
Global
	GlobalSection(SolutionConfigurationPlatforms) = preSolution
		Debug|Any CPU = Debug|Any CPU
		Debug|x64 = Debug|x64
		Debug|x86 = Debug|x86
		Release|Any CPU = Release|Any CPU
		Release|x64 = Release|x64
		Release|x86 = Release|x86
	EndGlobalSection
	GlobalSection(ProjectConfigurationPlatforms) = postSolution
		{F39E4D58-F075-406D-B6AD-EF8FC9123162}.Debug|Any CPU.ActiveCfg = Debug|Any CPU
		{F39E4D58-F075-406D-B6AD-EF8FC9123162}.Debug|Any CPU.Build.0 = Debug|Any CPU
		{F39E4D58-F075-406D-B6AD-EF8FC9123162}.Debug|x64.ActiveCfg = Debug|Any CPU
		{F39E4D58-F075-406D-B6AD-EF8FC9123162}.Debug|x64.Build.0 = Debug|Any CPU
		{F39E4D58-F075-406D-B6AD-EF8FC9123162}.Debug|x86.ActiveCfg = Debug|Any CPU
		{F39E4D58-F075-406D-B6AD-EF8FC9123162}.Debug|x86.Build.0 = Debug|Any CPU
		{F39E4D58-F075-406D-B6AD-EF8FC9123162}.Release|Any CPU.ActiveCfg = Release|Any CPU
		{F39E4D58-F075-406D-B6AD-EF8FC9123162}.Release|Any CPU.Build.0 = Release|Any CPU
		{F39E4D58-F075-406D-B6AD-EF8FC9123162}.Release|x64.ActiveCfg = Release|Any CPU
		{F39E4D58-F075-406D-B6AD-EF8FC9123162}.Release|x64.Build.0 = Release|Any CPU
		{F39E4D58-F075-406D-B6AD-EF8FC9123162}.Release|x86.ActiveCfg = Release|Any CPU
		{F39E4D58-F075-406D-B6AD-EF8FC9123162}.Release|x86.Build.0 = Release|Any CPU
		{A4D7D977-AAB8-4603-9AB2-7B19A8CF8DA6}.Debug|Any CPU.ActiveCfg = Debug|Any CPU
		{A4D7D977-AAB8-4603-9AB2-7B19A8CF8DA6}.Debug|Any CPU.Build.0 = Debug|Any CPU
		{A4D7D977-AAB8-4603-9AB2-7B19A8CF8DA6}.Debug|x64.ActiveCfg = Debug|Any CPU
		{A4D7D977-AAB8-4603-9AB2-7B19A8CF8DA6}.Debug|x64.Build.0 = Debug|Any CPU
		{A4D7D977-AAB8-4603-9AB2-7B19A8CF8DA6}.Debug|x86.ActiveCfg = Debug|Any CPU
		{A4D7D977-AAB8-4603-9AB2-7B19A8CF8DA6}.Debug|x86.Build.0 = Debug|Any CPU
		{A4D7D977-AAB8-4603-9AB2-7B19A8CF8DA6}.Release|Any CPU.ActiveCfg = Release|Any CPU
		{A4D7D977-AAB8-4603-9AB2-7B19A8CF8DA6}.Release|Any CPU.Build.0 = Release|Any CPU
		{A4D7D977-AAB8-4603-9AB2-7B19A8CF8DA6}.Release|x64.ActiveCfg = Release|Any CPU
		{A4D7D977-AAB8-4603-9AB2-7B19A8CF8DA6}.Release|x64.Build.0 = Release|Any CPU
		{A4D7D977-AAB8-4603-9AB2-7B19A8CF8DA6}.Release|x86.ActiveCfg = Release|Any CPU
		{A4D7D977-AAB8-4603-9AB2-7B19A8CF8DA6}.Release|x86.Build.0 = Release|Any CPU
		{FD5310EC-4D16-416C-B3FC-E7C6877EE993}.Debug|Any CPU.ActiveCfg = Debug|Any CPU
		{FD5310EC-4D16-416C-B3FC-E7C6877EE993}.Debug|Any CPU.Build.0 = Debug|Any CPU
		{FD5310EC-4D16-416C-B3FC-E7C6877EE993}.Debug|x64.ActiveCfg = Debug|Any CPU
		{FD5310EC-4D16-416C-B3FC-E7C6877EE993}.Debug|x64.Build.0 = Debug|Any CPU
		{FD5310EC-4D16-416C-B3FC-E7C6877EE993}.Debug|x86.ActiveCfg = Debug|Any CPU
		{FD5310EC-4D16-416C-B3FC-E7C6877EE993}.Debug|x86.Build.0 = Debug|Any CPU
		{FD5310EC-4D16-416C-B3FC-E7C6877EE993}.Release|Any CPU.ActiveCfg = Release|Any CPU
		{FD5310EC-4D16-416C-B3FC-E7C6877EE993}.Release|Any CPU.Build.0 = Release|Any CPU
		{FD5310EC-4D16-416C-B3FC-E7C6877EE993}.Release|x64.ActiveCfg = Release|Any CPU
		{FD5310EC-4D16-416C-B3FC-E7C6877EE993}.Release|x64.Build.0 = Release|Any CPU
		{FD5310EC-4D16-416C-B3FC-E7C6877EE993}.Release|x86.ActiveCfg = Release|Any CPU
		{FD5310EC-4D16-416C-B3FC-E7C6877EE993}.Release|x86.Build.0 = Release|Any CPU
	EndGlobalSection
	GlobalSection(SolutionProperties) = preSolution
		HideSolutionNode = FALSE
	EndGlobalSection
	GlobalSection(ExtensibilityGlobals) = postSolution
		SolutionGuid = {04ACA35F-12DD-4E7B-A533-84A4EC293020}
	EndGlobalSection
EndGlobal
